{
  "name": "talkmore-styles",
  "version": "1.0.0",
  "lockfileVersion": 1,
  "requires": true,
  "dependencies": {
    "classnames": {
      "version": "2.2.6",
      "resolved": "https://registry.npmjs.org/classnames/-/classnames-2.2.6.tgz",
      "integrity": "sha1-Q5Nb/90pHzJtrQogUwmzjQD2UM4="
    },
    "eventemitter3": {
      "version": "2.0.3",
      "resolved": "https://registry.npmjs.org/eventemitter3/-/eventemitter3-2.0.3.tgz",
      "integrity": "sha1-teEHm1n7XhuidxwKmTvgYKWMmbo="
    },
    "react-redux-toastr": {
      "version": "7.4.0",
      "resolved": "https://registry.npmjs.org/react-redux-toastr/-/react-redux-toastr-7.4.0.tgz",
      "integrity": "sha1-O/bTIcuv5L9nIfGRdGDHzti1nxI=",
      "requires": {
        "classnames": "^2.2.3",
        "eventemitter3": "^2.0.3"
      }
    }
  }
}
